
Microsoft Visual Studio Solution File, Format Version 12.00
# Visual Studio Version 17
VisualStudioVersion = 17.0.32014.148
MinimumVisualStudioVersion = 10.0.40219.1
Project("{FAE04EC0-301F-11D3-BF4B-00C04F79EFBC}") = "advanced_multi-threading", "advanced_multi-threading\advanced_multi-threading.csproj", "{0F7EF0F8-E7A3-4DD1-B6F6-734AD5A0F768}"
EndProject
Global
	GlobalSection(SolutionConfigurationPlatforms) = preSolution
		Debug|Any CPU = Debug|Any CPU
		Release|Any CPU = Release|Any CPU
	EndGlobalSection
	GlobalSection(ProjectConfigurationPlatforms) = postSolution
		{0F7EF0F8-E7A3-4DD1-B6F6-734AD5A0F768}.Debug|Any CPU.ActiveCfg = Debug|Any CPU
		{0F7EF0F8-E7A3-4DD1-B6F6-734AD5A0F768}.Debug|Any CPU.Build.0 = Debug|Any CPU
		{0F7EF0F8-E7A3-4DD1-B6F6-734AD5A0F768}.Release|Any CPU.ActiveCfg = Release|Any CPU
		{0F7EF0F8-E7A3-4DD1-B6F6-734AD5A0F768}.Release|Any CPU.Build.0 = Release|Any CPU
	EndGlobalSection
	GlobalSection(SolutionProperties) = preSolution
		HideSolutionNode = FALSE
	EndGlobalSection
	GlobalSection(ExtensibilityGlobals) = postSolution
		SolutionGuid = {798E2D23-CB37-4341-AAA9-70A7E73D9931}
	EndGlobalSection
EndGlobal
